
Microsoft Visual Studio Solution File, Format Version 12.00
# Visual Studio Version 16
VisualStudioVersion = 16.0.30717.126
MinimumVisualStudioVersion = 10.0.40219.1
Project("{FAE04EC0-301F-11D3-BF4B-00C04F79EFBC}") = "DemoProject", "DemoProject\DemoProject.csproj", "{063677C5-FFF0-49AE-8E62-328C65A169D4}"
EndProject
Global
	GlobalSection(SolutionConfigurationPlatforms) = preSolution
		Debug|Any CPU = Debug|Any CPU
		Release|Any CPU = Release|Any CPU
	EndGlobalSection
	GlobalSection(ProjectConfigurationPlatforms) = postSolution
		{063677C5-FFF0-49AE-8E62-328C65A169D4}.Debug|Any CPU.ActiveCfg = Debug|Any CPU
		{063677C5-FFF0-49AE-8E62-328C65A169D4}.Debug|Any CPU.Build.0 = Debug|Any CPU
		{063677C5-FFF0-49AE-8E62-328C65A169D4}.Release|Any CPU.ActiveCfg = Release|Any CPU
		{063677C5-FFF0-49AE-8E62-328C65A169D4}.Release|Any CPU.Build.0 = Release|Any CPU
	EndGlobalSection
	GlobalSection(SolutionProperties) = preSolution
		HideSolutionNode = FALSE
	EndGlobalSection
	GlobalSection(ExtensibilityGlobals) = postSolution
		SolutionGuid = {367B89AA-FAA3-4FCA-8CCD-DE02DB41AEB4}
	EndGlobalSection
EndGlobal
